
Microsoft Visual Studio Solution File, Format Version 12.00
# Visual Studio Version 17
VisualStudioVersion = 17.4.33110.190
MinimumVisualStudioVersion = 10.0.40219.1
Project("{FAE04EC0-301F-11D3-BF4B-00C04F79EFBC}") = "Sorting exercises", "Sorting exercises\Sorting exercises.csproj", "{2053CEF0-82DB-4EAB-969F-CDECF42578DA}"
EndProject
Global
	GlobalSection(SolutionConfigurationPlatforms) = preSolution
		Debug|Any CPU = Debug|Any CPU
		Release|Any CPU = Release|Any CPU
	EndGlobalSection
	GlobalSection(ProjectConfigurationPlatforms) = postSolution
		{2053CEF0-82DB-4EAB-969F-CDECF42578DA}.Debug|Any CPU.ActiveCfg = Debug|Any CPU
		{2053CEF0-82DB-4EAB-969F-CDECF42578DA}.Debug|Any CPU.Build.0 = Debug|Any CPU
		{2053CEF0-82DB-4EAB-969F-CDECF42578DA}.Release|Any CPU.ActiveCfg = Release|Any CPU
		{2053CEF0-82DB-4EAB-969F-CDECF42578DA}.Release|Any CPU.Build.0 = Release|Any CPU
	EndGlobalSection
	GlobalSection(SolutionProperties) = preSolution
		HideSolutionNode = FALSE
	EndGlobalSection
	GlobalSection(ExtensibilityGlobals) = postSolution
		SolutionGuid = {09EC2E14-E2A1-4901-9FAA-33BEFB131865}
	EndGlobalSection
EndGlobal
